
Microsoft Visual Studio Solution File, Format Version 12.00
# Visual Studio Version 17
VisualStudioVersion = 17.4.33103.184
MinimumVisualStudioVersion = 10.0.40219.1
Project("{FAE04EC0-301F-11D3-BF4B-00C04F79EFBC}") = "webapi.inlock.db.First.manha", "webapi.inlock.db.First.manha.csproj", "{4129B378-C6A9-4361-BDB4-B656D21832FB}"
EndProject
Global
	GlobalSection(SolutionConfigurationPlatforms) = preSolution
		Debug|Any CPU = Debug|Any CPU
		Release|Any CPU = Release|Any CPU
	EndGlobalSection
	GlobalSection(ProjectConfigurationPlatforms) = postSolution
		{4129B378-C6A9-4361-BDB4-B656D21832FB}.Debug|Any CPU.ActiveCfg = Debug|Any CPU
		{4129B378-C6A9-4361-BDB4-B656D21832FB}.Debug|Any CPU.Build.0 = Debug|Any CPU
		{4129B378-C6A9-4361-BDB4-B656D21832FB}.Release|Any CPU.ActiveCfg = Release|Any CPU
		{4129B378-C6A9-4361-BDB4-B656D21832FB}.Release|Any CPU.Build.0 = Release|Any CPU
	EndGlobalSection
	GlobalSection(SolutionProperties) = preSolution
		HideSolutionNode = FALSE
	EndGlobalSection
	GlobalSection(ExtensibilityGlobals) = postSolution
		SolutionGuid = {BFF5132B-297E-49E9-9127-DB0C4D5F7878}
	EndGlobalSection
EndGlobal
